
Microsoft Visual Studio Solution File, Format Version 12.00
# Visual Studio Version 17
VisualStudioVersion = 17.8.34525.116
MinimumVisualStudioVersion = 10.0.40219.1
Project("{FAE04EC0-301F-11D3-BF4B-00C04F79EFBC}") = "AutoMarket", "AutoMarket\AutoMarket.csproj", "{3FD5FB5A-FDC6-41FC-B443-7BBA44082BDF}"
EndProject
Global
	GlobalSection(SolutionConfigurationPlatforms) = preSolution
		Debug|Any CPU = Debug|Any CPU
		Release|Any CPU = Release|Any CPU
	EndGlobalSection
	GlobalSection(ProjectConfigurationPlatforms) = postSolution
		{3FD5FB5A-FDC6-41FC-B443-7BBA44082BDF}.Debug|Any CPU.ActiveCfg = Debug|Any CPU
		{3FD5FB5A-FDC6-41FC-B443-7BBA44082BDF}.Debug|Any CPU.Build.0 = Debug|Any CPU
		{3FD5FB5A-FDC6-41FC-B443-7BBA44082BDF}.Release|Any CPU.ActiveCfg = Release|Any CPU
		{3FD5FB5A-FDC6-41FC-B443-7BBA44082BDF}.Release|Any CPU.Build.0 = Release|Any CPU
	EndGlobalSection
	GlobalSection(SolutionProperties) = preSolution
		HideSolutionNode = FALSE
	EndGlobalSection
	GlobalSection(ExtensibilityGlobals) = postSolution
		SolutionGuid = {DC3C80B1-AA9B-4C24-B9A3-58FEB7647D7D}
	EndGlobalSection
EndGlobal
